
Microsoft Visual Studio Solution File, Format Version 12.00
# Visual Studio Version 17
VisualStudioVersion = 17.14.37012.4 d17.14
MinimumVisualStudioVersion = 10.0.40219.1
Project("{FAE04EC0-301F-11D3-BF4B-00C04F79EFBC}") = "ExchangeService", "ExchangeService.csproj", "{9EAF54D9-A36E-48F5-BFD8-CBCAA5D20F36}"
EndProject
Global
	GlobalSection(SolutionConfigurationPlatforms) = preSolution
		Debug|Any CPU = Debug|Any CPU
		Release|Any CPU = Release|Any CPU
	EndGlobalSection
	GlobalSection(ProjectConfigurationPlatforms) = postSolution
		{9EAF54D9-A36E-48F5-BFD8-CBCAA5D20F36}.Debug|Any CPU.ActiveCfg = Debug|Any CPU
		{9EAF54D9-A36E-48F5-BFD8-CBCAA5D20F36}.Debug|Any CPU.Build.0 = Debug|Any CPU
		{9EAF54D9-A36E-48F5-BFD8-CBCAA5D20F36}.Release|Any CPU.ActiveCfg = Release|Any CPU
		{9EAF54D9-A36E-48F5-BFD8-CBCAA5D20F36}.Release|Any CPU.Build.0 = Release|Any CPU
	EndGlobalSection
	GlobalSection(SolutionProperties) = preSolution
		HideSolutionNode = FALSE
	EndGlobalSection
	GlobalSection(ExtensibilityGlobals) = postSolution
		SolutionGuid = {18AA6E21-46A7-459F-A98B-0FE2179404C7}
	EndGlobalSection
EndGlobal
